// !$*UTF8*$!
{
	archiveVersion = 1;
	classes = {
	};
	objectVersion = 50;
	objects = {

/* Begin PBXBuildFile section */
		32B8514DC05BDF07FF53F1F7 /* Pods_BonsPetitsPlatsTests.framework in Frameworks */ = {isa = PBXBuildFile; fileRef = 67E94DFDF894378862B2D0CD /* Pods_BonsPetitsPlatsTests.framework */; };
		A0091D6B225CD3B2003A683B /* RecipePlease.xcdatamodeld in Sources */ = {isa = PBXBuildFile; fileRef = A0091D69225CD3B2003A683B /* RecipePlease.xcdatamodeld */; };
		A02092E2223695ED005B7922 /* AppDelegate.swift in Sources */ = {isa = PBXBuildFile; fileRef = A02092E1223695ED005B7922 /* AppDelegate.swift */; };
		A02092E7223695ED005B7922 /* Main.storyboard in Resources */ = {isa = PBXBuildFile; fileRef = A02092E5223695ED005B7922 /* Main.storyboard */; };
		A02092E9223695F3005B7922 /* Assets.xcassets in Resources */ = {isa = PBXBuildFile; fileRef = A02092E8223695F3005B7922 /* Assets.xcassets */; };
		A02092EC223695F3005B7922 /* LaunchScreen.storyboard in Resources */ = {isa = PBXBuildFile; fileRef = A02092EA223695F3005B7922 /* LaunchScreen.storyboard */; };
		A02092F7223695F3005B7922 /* YummlyServiceTestCase.swift in Sources */ = {isa = PBXBuildFile; fileRef = A02092F6223695F3005B7922 /* YummlyServiceTestCase.swift */; };
		A02093112236C65A005B7922 /* RecipleaseViewController.swift in Sources */ = {isa = PBXBuildFile; fileRef = A02093102236C65A005B7922 /* RecipleaseViewController.swift */; };
		A02093132236C67E005B7922 /* FavoriteViewController.swift in Sources */ = {isa = PBXBuildFile; fileRef = A02093122236C67E005B7922 /* FavoriteViewController.swift */; };
		A02093182236CA3C005B7922 /* SearchResultViewController.swift in Sources */ = {isa = PBXBuildFile; fileRef = A02093172236CA3C005B7922 /* SearchResultViewController.swift */; };
		A0307AD8227A13AF00695028 /* ConvertTestCase.swift in Sources */ = {isa = PBXBuildFile; fileRef = A0307AD7227A13AF00695028 /* ConvertTestCase.swift */; };
		A0307ADA227A2CA000695028 /* ListTestCase.swift in Sources */ = {isa = PBXBuildFile; fileRef = A0307AD9227A2CA000695028 /* ListTestCase.swift */; };
		A0708FD4223AC1770036E0A5 /* List.swift in Sources */ = {isa = PBXBuildFile; fileRef = A0708FD3223AC1770036E0A5 /* List.swift */; };
		A08A20D222833CEF005693B8 /* CoreDataStackTest.swift in Sources */ = {isa = PBXBuildFile; fileRef = A08A20D122833CEF005693B8 /* CoreDataStackTest.swift */; };
		A08A20D422834B8A005693B8 /* RecipeSample.swift in Sources */ = {isa = PBXBuildFile; fileRef = A08A20D322834B8A005693B8 /* RecipeSample.swift */; };
		A08A20D622835E26005693B8 /* ManageTestCase.swift in Sources */ = {isa = PBXBuildFile; fileRef = A08A20D522835E26005693B8 /* ManageTestCase.swift */; };
		A0A3A0C5225F9A02005ECD9C /* Recipe.swift in Sources */ = {isa = PBXBuildFile; fileRef = A0A3A0C4225F9A02005ECD9C /* Recipe.swift */; };
		A0A8BF342247901500496D34 /* ListTableViewCell.swift in Sources */ = {isa = PBXBuildFile; fileRef = A0A8BF332247901500496D34 /* ListTableViewCell.swift */; };
		A0A8BF362247E47500496D34 /* Ingredient.swift in Sources */ = {isa = PBXBuildFile; fileRef = A0A8BF352247E47500496D34 /* Ingredient.swift */; };
		A0B59751227E405300E14BAE /* Alert.swift in Sources */ = {isa = PBXBuildFile; fileRef = A0B59750227E405300E14BAE /* Alert.swift */; };
		A0B59754227E416D00E14BAE /* ExtensionUIViewController.swift in Sources */ = {isa = PBXBuildFile; fileRef = A0B59753227E416D00E14BAE /* ExtensionUIViewController.swift */; };
		A0BD4F5422635BF900F8FBB4 /* Converting.swift in Sources */ = {isa = PBXBuildFile; fileRef = A0BD4F5322635BF900F8FBB4 /* Converting.swift */; };
		A0D62359228241EC008F2A27 /* RecipeP.swift in Sources */ = {isa = PBXBuildFile; fileRef = A0D62358228241EC008F2A27 /* RecipeP.swift */; };
		A0D7C185224924DB0080F144 /* FavorisTableViewCell.swift in Sources */ = {isa = PBXBuildFile; fileRef = A0D7C184224924DB0080F144 /* FavorisTableViewCell.swift */; };
		A0E28DC4224BE2A5000DC02F /* ListViewController.swift in Sources */ = {isa = PBXBuildFile; fileRef = A0E28DC3224BE2A5000DC02F /* ListViewController.swift */; };
		A0E86E0F2280736900851BFC /* CoreDataStack.swift in Sources */ = {isa = PBXBuildFile; fileRef = A0E86E0E2280736900851BFC /* CoreDataStack.swift */; };
		A0E86E112280B5AF00851BFC /* CoreDataManage.swift in Sources */ = {isa = PBXBuildFile; fileRef = A0E86E102280B5AF00851BFC /* CoreDataManage.swift */; };
		A0E86E132280B9E000851BFC /* RecipeManage.swift in Sources */ = {isa = PBXBuildFile; fileRef = A0E86E122280B9E000851BFC /* RecipeManage.swift */; };
		A0E9CFFE224D152F00A5C504 /* RecipesListTableViewCell.swift in Sources */ = {isa = PBXBuildFile; fileRef = A0E9CFFD224D152F00A5C504 /* RecipesListTableViewCell.swift */; };
		A0F81652224A7C8E005EE822 /* yummlyService.swift in Sources */ = {isa = PBXBuildFile; fileRef = A0F81651224A7C8E005EE822 /* yummlyService.swift */; };
		FE86FE8B200A80B24566E5E6 /* Pods_BonsPetitsPlats.framework in Frameworks */ = {isa = PBXBuildFile; fileRef = DEC3386C17502C073FF1F381 /* Pods_BonsPetitsPlats.framework */; };
/* End PBXBuildFile section */

/* Begin PBXContainerItemProxy section */
		A02092F3223695F3005B7922 /* PBXContainerItemProxy */ = {
			isa = PBXContainerItemProxy;
			containerPortal = A02092D6223695ED005B7922 /* Project object */;
			proxyType = 1;
			remoteGlobalIDString = A02092DD223695ED005B7922;
			remoteInfo = BonsPetitsPlats;
		};
/* End PBXContainerItemProxy section */

/* Begin PBXFileReference section */
		2455A92FAF36212D5A6540EE /* Pods-BonsPetitsPlatsTests.release.xcconfig */ = {isa = PBXFileReference; includeInIndex = 1; lastKnownFileType = text.xcconfig; name = "Pods-BonsPetitsPlatsTests.release.xcconfig"; path = "Target Support Files/Pods-BonsPetitsPlatsTests/Pods-BonsPetitsPlatsTests.release.xcconfig"; sourceTree = "<group>"; };
		2FFC95F6B32E666EC769AE6E /* Pods-BonsPetitsPlatsTests.debug.xcconfig */ = {isa = PBXFileReference; includeInIndex = 1; lastKnownFileType = text.xcconfig; name = "Pods-BonsPetitsPlatsTests.debug.xcconfig"; path = "Target Support Files/Pods-BonsPetitsPlatsTests/Pods-BonsPetitsPlatsTests.debug.xcconfig"; sourceTree = "<group>"; };
		6176351380011EE78BBFBCD8 /* Pods-BonsPetitsPlats.release.xcconfig */ = {isa = PBXFileReference; includeInIndex = 1; lastKnownFileType = text.xcconfig; name = "Pods-BonsPetitsPlats.release.xcconfig"; path = "Target Support Files/Pods-BonsPetitsPlats/Pods-BonsPetitsPlats.release.xcconfig"; sourceTree = "<group>"; };
		67E94DFDF894378862B2D0CD /* Pods_BonsPetitsPlatsTests.framework */ = {isa = PBXFileReference; explicitFileType = wrapper.framework; includeInIndex = 0; path = Pods_BonsPetitsPlatsTests.framework; sourceTree = BUILT_PRODUCTS_DIR; };
		A0091D6A225CD3B2003A683B /* RecipePlease.xcdatamodel */ = {isa = PBXFileReference; lastKnownFileType = wrapper.xcdatamodel; path = RecipePlease.xcdatamodel; sourceTree = "<group>"; };
		A02092DE223695ED005B7922 /* BonsPetitsPlats.app */ = {isa = PBXFileReference; explicitFileType = wrapper.application; includeInIndex = 0; path = BonsPetitsPlats.app; sourceTree = BUILT_PRODUCTS_DIR; };
		A02092E1223695ED005B7922 /* AppDelegate.swift */ = {isa = PBXFileReference; lastKnownFileType = sourcecode.swift; path = AppDelegate.swift; sourceTree = "<group>"; };
		A02092E6223695ED005B7922 /* Base */ = {isa = PBXFileReference; lastKnownFileType = file.storyboard; name = Base; path = Base.lproj/Main.storyboard; sourceTree = "<group>"; };
		A02092E8223695F3005B7922 /* Assets.xcassets */ = {isa = PBXFileReference; lastKnownFileType = folder.assetcatalog; path = Assets.xcassets; sourceTree = "<group>"; };
		A02092EB223695F3005B7922 /* Base */ = {isa = PBXFileReference; lastKnownFileType = file.storyboard; name = Base; path = Base.lproj/LaunchScreen.storyboard; sourceTree = "<group>"; };
		A02092ED223695F3005B7922 /* Info.plist */ = {isa = PBXFileReference; lastKnownFileType = text.plist.xml; path = Info.plist; sourceTree = "<group>"; };
		A02092F2223695F3005B7922 /* BonsPetitsPlatsTests.xctest */ = {isa = PBXFileReference; explicitFileType = wrapper.cfbundle; includeInIndex = 0; path = BonsPetitsPlatsTests.xctest; sourceTree = BUILT_PRODUCTS_DIR; };
		A02092F6223695F3005B7922 /* YummlyServiceTestCase.swift */ = {isa = PBXFileReference; lastKnownFileType = sourcecode.swift; path = YummlyServiceTestCase.swift; sourceTree = "<group>"; };
		A02092F8223695F3005B7922 /* Info.plist */ = {isa = PBXFileReference; lastKnownFileType = text.plist.xml; path = Info.plist; sourceTree = "<group>"; };
		A02093102236C65A005B7922 /* RecipleaseViewController.swift */ = {isa = PBXFileReference; lastKnownFileType = sourcecode.swift; path = RecipleaseViewController.swift; sourceTree = "<group>"; };
		A02093122236C67E005B7922 /* FavoriteViewController.swift */ = {isa = PBXFileReference; lastKnownFileType = sourcecode.swift; path = FavoriteViewController.swift; sourceTree = "<group>"; };
		A02093172236CA3C005B7922 /* SearchResultViewController.swift */ = {isa = PBXFileReference; lastKnownFileType = sourcecode.swift; path = SearchResultViewController.swift; sourceTree = "<group>"; };
		A0307AD7227A13AF00695028 /* ConvertTestCase.swift */ = {isa = PBXFileReference; lastKnownFileType = sourcecode.swift; path = ConvertTestCase.swift; sourceTree = "<group>"; };
		A0307AD9227A2CA000695028 /* ListTestCase.swift */ = {isa = PBXFileReference; lastKnownFileType = sourcecode.swift; path = ListTestCase.swift; sourceTree = "<group>"; };
		A0708FD3223AC1770036E0A5 /* List.swift */ = {isa = PBXFileReference; lastKnownFileType = sourcecode.swift; path = List.swift; sourceTree = "<group>"; };
		A08A20D122833CEF005693B8 /* CoreDataStackTest.swift */ = {isa = PBXFileReference; lastKnownFileType = sourcecode.swift; path = CoreDataStackTest.swift; sourceTree = "<group>"; };
		A08A20D322834B8A005693B8 /* RecipeSample.swift */ = {isa = PBXFileReference; lastKnownFileType = sourcecode.swift; path = RecipeSample.swift; sourceTree = "<group>"; };
		A08A20D522835E26005693B8 /* ManageTestCase.swift */ = {isa = PBXFileReference; lastKnownFileType = sourcecode.swift; path = ManageTestCase.swift; sourceTree = "<group>"; };
		A0A3A0C4225F9A02005ECD9C /* Recipe.swift */ = {isa = PBXFileReference; lastKnownFileType = sourcecode.swift; path = Recipe.swift; sourceTree = "<group>"; };
		A0A8BF332247901500496D34 /* ListTableViewCell.swift */ = {isa = PBXFileReference; lastKnownFileType = sourcecode.swift; path = ListTableViewCell.swift; sourceTree = "<group>"; };
		A0A8BF352247E47500496D34 /* Ingredient.swift */ = {isa = PBXFileReference; lastKnownFileType = sourcecode.swift; path = Ingredient.swift; sourceTree = "<group>"; };
		A0B59750227E405300E14BAE /* Alert.swift */ = {isa = PBXFileReference; lastKnownFileType = sourcecode.swift; path = Alert.swift; sourceTree = "<group>"; };
		A0B59753227E416D00E14BAE /* ExtensionUIViewController.swift */ = {isa = PBXFileReference; lastKnownFileType = sourcecode.swift; path = ExtensionUIViewController.swift; sourceTree = "<group>"; };
		A0BD4F5322635BF900F8FBB4 /* Converting.swift */ = {isa = PBXFileReference; lastKnownFileType = sourcecode.swift; path = Converting.swift; sourceTree = "<group>"; };
		A0D62358228241EC008F2A27 /* RecipeP.swift */ = {isa = PBXFileReference; lastKnownFileType = sourcecode.swift; path = RecipeP.swift; sourceTree = "<group>"; };
		A0D7C184224924DB0080F144 /* FavorisTableViewCell.swift */ = {isa = PBXFileReference; lastKnownFileType = sourcecode.swift; path = FavorisTableViewCell.swift; sourceTree = "<group>"; };
		A0E28DC3224BE2A5000DC02F /* ListViewController.swift */ = {isa = PBXFileReference; lastKnownFileType = sourcecode.swift; path = ListViewController.swift; sourceTree = "<group>"; };
		A0E86E0E2280736900851BFC /* CoreDataStack.swift */ = {isa = PBXFileReference; lastKnownFileType = sourcecode.swift; path = CoreDataStack.swift; sourceTree = "<group>"; wrapsLines = 0; };
		A0E86E102280B5AF00851BFC /* CoreDataManage.swift */ = {isa = PBXFileReference; lastKnownFileType = sourcecode.swift; path = CoreDataManage.swift; sourceTree = "<group>"; };
		A0E86E122280B9E000851BFC /* RecipeManage.swift */ = {isa = PBXFileReference; lastKnownFileType = sourcecode.swift; path = RecipeManage.swift; sourceTree = "<group>"; };
		A0E9CFFD224D152F00A5C504 /* RecipesListTableViewCell.swift */ = {isa = PBXFileReference; lastKnownFileType = sourcecode.swift; path = RecipesListTableViewCell.swift; sourceTree = "<group>"; };
		A0F81651224A7C8E005EE822 /* yummlyService.swift */ = {isa = PBXFileReference; lastKnownFileType = sourcecode.swift; path = yummlyService.swift; sourceTree = "<group>"; };
		BEB0644EBDBD55BF9D351C03 /* Pods-BonsPetitsPlats.debug.xcconfig */ = {isa = PBXFileReference; includeInIndex = 1; lastKnownFileType = text.xcconfig; name = "Pods-BonsPetitsPlats.debug.xcconfig"; path = "Target Support Files/Pods-BonsPetitsPlats/Pods-BonsPetitsPlats.debug.xcconfig"; sourceTree = "<group>"; };
		DEC3386C17502C073FF1F381 /* Pods_BonsPetitsPlats.framework */ = {isa = PBXFileReference; explicitFileType = wrapper.framework; includeInIndex = 0; path = Pods_BonsPetitsPlats.framework; sourceTree = BUILT_PRODUCTS_DIR; };
/* End PBXFileReference section */

/* Begin PBXFrameworksBuildPhase section */
		A02092DB223695ED005B7922 /* Frameworks */ = {
			isa = PBXFrameworksBuildPhase;
			buildActionMask = 2147483647;
			files = (
				FE86FE8B200A80B24566E5E6 /* Pods_BonsPetitsPlats.framework in Frameworks */,
			);
			runOnlyForDeploymentPostprocessing = 0;
		};
		A02092EF223695F3005B7922 /* Frameworks */ = {
			isa = PBXFrameworksBuildPhase;
			buildActionMask = 2147483647;
			files = (
				32B8514DC05BDF07FF53F1F7 /* Pods_BonsPetitsPlatsTests.framework in Frameworks */,
			);
			runOnlyForDeploymentPostprocessing = 0;
		};
/* End PBXFrameworksBuildPhase section */

/* Begin PBXGroup section */
		41C1D6031D5CE5D59CC2C540 /* Pods */ = {
			isa = PBXGroup;
			children = (
				BEB0644EBDBD55BF9D351C03 /* Pods-BonsPetitsPlats.debug.xcconfig */,
				6176351380011EE78BBFBCD8 /* Pods-BonsPetitsPlats.release.xcconfig */,
				2FFC95F6B32E666EC769AE6E /* Pods-BonsPetitsPlatsTests.debug.xcconfig */,
				2455A92FAF36212D5A6540EE /* Pods-BonsPetitsPlatsTests.release.xcconfig */,
			);
			path = Pods;
			sourceTree = "<group>";
		};
		A02092D5223695ED005B7922 = {
			isa = PBXGroup;
			children = (
				A02092E0223695ED005B7922 /* BonsPetitsPlats */,
				A02092F5223695F3005B7922 /* BonsPetitsPlatsTests */,
				A02092DF223695ED005B7922 /* Products */,
				41C1D6031D5CE5D59CC2C540 /* Pods */,
				B98AE1880549C839C3D714A4 /* Frameworks */,
			);
			sourceTree = "<group>";
		};
		A02092DF223695ED005B7922 /* Products */ = {
			isa = PBXGroup;
			children = (
				A02092DE223695ED005B7922 /* BonsPetitsPlats.app */,
				A02092F2223695F3005B7922 /* BonsPetitsPlatsTests.xctest */,
			);
			name = Products;
			sourceTree = "<group>";
		};
		A02092E0223695ED005B7922 /* BonsPetitsPlats */ = {
			isa = PBXGroup;
			children = (
				A02093042236963A005B7922 /* SupportingFiles */,
				A0B59756227E428600E14BAE /* Extension */,
				A020930322369631005B7922 /* Controller */,
				A020930222369628005B7922 /* View */,
				A020930122369620005B7922 /* Model */,
				A02092ED223695F3005B7922 /* Info.plist */,
			);
			path = BonsPetitsPlats;
			sourceTree = "<group>";
		};
		A02092F5223695F3005B7922 /* BonsPetitsPlatsTests */ = {
			isa = PBXGroup;
			children = (
				A0281C3122870A1B0088D283 /* YummlyServiceTest */,
				A08A20D022833CD6005693B8 /* CoreDataTest */,
				A0307AD7227A13AF00695028 /* ConvertTestCase.swift */,
				A0307AD9227A2CA000695028 /* ListTestCase.swift */,
				A02092F8223695F3005B7922 /* Info.plist */,
			);
			path = BonsPetitsPlatsTests;
			sourceTree = "<group>";
		};
		A020930122369620005B7922 /* Model */ = {
			isa = PBXGroup;
			children = (
				A07F14E82259ED940071A9F8 /* Persistence */,
				A0D7C18022490D3A0080F144 /* DishList */,
				A0D7C17F22490A400080F144 /* Ingredient List */,
				A0BD4F5322635BF900F8FBB4 /* Converting.swift */,
				A0B59750227E405300E14BAE /* Alert.swift */,
			);
			path = Model;
			sourceTree = "<group>";
		};
		A020930222369628005B7922 /* View */ = {
			isa = PBXGroup;
			children = (
				A02092EA223695F3005B7922 /* LaunchScreen.storyboard */,
				A02092E5223695ED005B7922 /* Main.storyboard */,
				A0A8BF332247901500496D34 /* ListTableViewCell.swift */,
				A0E9CFFD224D152F00A5C504 /* RecipesListTableViewCell.swift */,
				A0D7C184224924DB0080F144 /* FavorisTableViewCell.swift */,
			);
			path = View;
			sourceTree = "<group>";
		};
		A020930322369631005B7922 /* Controller */ = {
			isa = PBXGroup;
			children = (
				A02093102236C65A005B7922 /* RecipleaseViewController.swift */,
				A02093122236C67E005B7922 /* FavoriteViewController.swift */,
				A0E28DC3224BE2A5000DC02F /* ListViewController.swift */,
				A02093172236CA3C005B7922 /* SearchResultViewController.swift */,
			);
			path = Controller;
			sourceTree = "<group>";
		};
		A02093042236963A005B7922 /* SupportingFiles */ = {
			isa = PBXGroup;
			children = (
				A02092E8223695F3005B7922 /* Assets.xcassets */,
				A02092E1223695ED005B7922 /* AppDelegate.swift */,
			);
			path = SupportingFiles;
			sourceTree = "<group>";
		};
		A0281C3122870A1B0088D283 /* YummlyServiceTest */ = {
			isa = PBXGroup;
			children = (
				A02092F6223695F3005B7922 /* YummlyServiceTestCase.swift */,
			);
			path = YummlyServiceTest;
			sourceTree = "<group>";
		};
		A07F14E82259ED940071A9F8 /* Persistence */ = {
			isa = PBXGroup;
			children = (
				A0E86E0E2280736900851BFC /* CoreDataStack.swift */,
				A0E86E102280B5AF00851BFC /* CoreDataManage.swift */,
				A0E86E122280B9E000851BFC /* RecipeManage.swift */,
				A0091D69225CD3B2003A683B /* RecipePlease.xcdatamodeld */,
				A0D62358228241EC008F2A27 /* RecipeP.swift */,
			);
			path = Persistence;
			sourceTree = "<group>";
		};
		A08A20D022833CD6005693B8 /* CoreDataTest */ = {
			isa = PBXGroup;
			children = (
				A08A20D122833CEF005693B8 /* CoreDataStackTest.swift */,
				A08A20D322834B8A005693B8 /* RecipeSample.swift */,
				A08A20D522835E26005693B8 /* ManageTestCase.swift */,
			);
			path = CoreDataTest;
			sourceTree = "<group>";
		};
		A0B59756227E428600E14BAE /* Extension */ = {
			isa = PBXGroup;
			children = (
				A0B59753227E416D00E14BAE /* ExtensionUIViewController.swift */,
			);
			path = Extension;
			sourceTree = "<group>";
		};
		A0D7C17F22490A400080F144 /* Ingredient List */ = {
			isa = PBXGroup;
			children = (
				A0708FD3223AC1770036E0A5 /* List.swift */,
				A0A8BF352247E47500496D34 /* Ingredient.swift */,
			);
			path = "Ingredient List";
			sourceTree = "<group>";
		};
		A0D7C18022490D3A0080F144 /* DishList */ = {
			isa = PBXGroup;
			children = (
				A0F81651224A7C8E005EE822 /* yummlyService.swift */,
				A0A3A0C4225F9A02005ECD9C /* Recipe.swift */,
			);
			path = DishList;
			sourceTree = "<group>";
		};
		B98AE1880549C839C3D714A4 /* Frameworks */ = {
			isa = PBXGroup;
			children = (
				DEC3386C17502C073FF1F381 /* Pods_BonsPetitsPlats.framework */,
				67E94DFDF894378862B2D0CD /* Pods_BonsPetitsPlatsTests.framework */,
			);
			name = Frameworks;
			sourceTree = "<group>";
		};
/* End PBXGroup section */

/* Begin PBXNativeTarget section */
		A02092DD223695ED005B7922 /* BonsPetitsPlats */ = {
			isa = PBXNativeTarget;
			buildConfigurationList = A02092FB223695F3005B7922 /* Build configuration list for PBXNativeTarget "BonsPetitsPlats" */;
			buildPhases = (
				CF9C61258304FC22E3E654E1 /* [CP] Check Pods Manifest.lock */,
				A02092DA223695ED005B7922 /* Sources */,
				A02092DB223695ED005B7922 /* Frameworks */,
				A02092DC223695ED005B7922 /* Resources */,
				01E27F4D6CE65E5FC09B8CC6 /* [CP] Embed Pods Frameworks */,
			);
			buildRules = (
			);
			dependencies = (
			);
			name = BonsPetitsPlats;
			productName = BonsPetitsPlats;
			productReference = A02092DE223695ED005B7922 /* BonsPetitsPlats.app */;
			productType = "com.apple.product-type.application";
		};
		A02092F1223695F3005B7922 /* BonsPetitsPlatsTests */ = {
			isa = PBXNativeTarget;
			buildConfigurationList = A02092FE223695F3005B7922 /* Build configuration list for PBXNativeTarget "BonsPetitsPlatsTests" */;
			buildPhases = (
				647FDA46CFC8D8BF2F46E512 /* [CP] Check Pods Manifest.lock */,
				A02092EE223695F3005B7922 /* Sources */,
				A02092EF223695F3005B7922 /* Frameworks */,
				A02092F0223695F3005B7922 /* Resources */,
				07FF3911F6BEC53AE98E3D58 /* [CP] Embed Pods Frameworks */,
			);
			buildRules = (
			);
			dependencies = (
				A02092F4223695F3005B7922 /* PBXTargetDependency */,
			);
			name = BonsPetitsPlatsTests;
			productName = BonsPetitsPlatsTests;
			productReference = A02092F2223695F3005B7922 /* BonsPetitsPlatsTests.xctest */;
			productType = "com.apple.product-type.bundle.unit-test";
		};
/* End PBXNativeTarget section */

/* Begin PBXProject section */
		A02092D6223695ED005B7922 /* Project object */ = {
			isa = PBXProject;
			attributes = {
				LastSwiftUpdateCheck = 1010;
				LastUpgradeCheck = 1010;
				ORGANIZATIONNAME = "Marques Lucas";
				TargetAttributes = {
					A02092DD223695ED005B7922 = {
						CreatedOnToolsVersion = 10.1;
						LastSwiftMigration = 1020;
					};
					A02092F1223695F3005B7922 = {
						CreatedOnToolsVersion = 10.1;
						LastSwiftMigration = 1020;
						TestTargetID = A02092DD223695ED005B7922;
					};
				};
			};
			buildConfigurationList = A02092D9223695ED005B7922 /* Build configuration list for PBXProject "BonsPetitsPlats" */;
			compatibilityVersion = "Xcode 9.3";
			developmentRegion = en;
			hasScannedForEncodings = 0;
			knownRegions = (
				en,
				Base,
			);
			mainGroup = A02092D5223695ED005B7922;
			productRefGroup = A02092DF223695ED005B7922 /* Products */;
			projectDirPath = "";
			projectRoot = "";
			targets = (
				A02092DD223695ED005B7922 /* BonsPetitsPlats */,
				A02092F1223695F3005B7922 /* BonsPetitsPlatsTests */,
			);
		};
/* End PBXProject section */

/* Begin PBXResourcesBuildPhase section */
		A02092DC223695ED005B7922 /* Resources */ = {
			isa = PBXResourcesBuildPhase;
			buildActionMask = 2147483647;
			files = (
				A02092EC223695F3005B7922 /* LaunchScreen.storyboard in Resources */,
				A02092E9223695F3005B7922 /* Assets.xcassets in Resources */,
				A02092E7223695ED005B7922 /* Main.storyboard in Resources */,
			);
			runOnlyForDeploymentPostprocessing = 0;
		};
		A02092F0223695F3005B7922 /* Resources */ = {
			isa = PBXResourcesBuildPhase;
			buildActionMask = 2147483647;
			files = (
			);
			runOnlyForDeploymentPostprocessing = 0;
		};
/* End PBXResourcesBuildPhase section */

/* Begin PBXShellScriptBuildPhase section */
		01E27F4D6CE65E5FC09B8CC6 /* [CP] Embed Pods Frameworks */ = {
			isa = PBXShellScriptBuildPhase;
			buildActionMask = 2147483647;
			files = (
			);
			inputFileListPaths = (
			);
			inputPaths = (
				"${PODS_ROOT}/Target Support Files/Pods-BonsPetitsPlats/Pods-BonsPetitsPlats-frameworks.sh",
				"${BUILT_PRODUCTS_DIR}/Alamofire/Alamofire.framework",
				"${BUILT_PRODUCTS_DIR}/SwiftyJSON/SwiftyJSON.framework",
			);
			name = "[CP] Embed Pods Frameworks";
			outputFileListPaths = (
			);
			outputPaths = (
				"${TARGET_BUILD_DIR}/${FRAMEWORKS_FOLDER_PATH}/Alamofire.framework",
				"${TARGET_BUILD_DIR}/${FRAMEWORKS_FOLDER_PATH}/SwiftyJSON.framework",
			);
			runOnlyForDeploymentPostprocessing = 0;
			shellPath = /bin/sh;
			shellScript = "\"${PODS_ROOT}/Target Support Files/Pods-BonsPetitsPlats/Pods-BonsPetitsPlats-frameworks.sh\"\n";
			showEnvVarsInLog = 0;
		};
		07FF3911F6BEC53AE98E3D58 /* [CP] Embed Pods Frameworks */ = {
			isa = PBXShellScriptBuildPhase;
			buildActionMask = 2147483647;
			files = (
			);
			inputFileListPaths = (
			);
			inputPaths = (
				"${PODS_ROOT}/Target Support Files/Pods-BonsPetitsPlatsTests/Pods-BonsPetitsPlatsTests-frameworks.sh",
				"${BUILT_PRODUCTS_DIR}/Alamofire/Alamofire.framework",
				"${BUILT_PRODUCTS_DIR}/SwiftyJSON/SwiftyJSON.framework",
			);
			name = "[CP] Embed Pods Frameworks";
			outputFileListPaths = (
			);
			outputPaths = (
				"${TARGET_BUILD_DIR}/${FRAMEWORKS_FOLDER_PATH}/Alamofire.framework",
				"${TARGET_BUILD_DIR}/${FRAMEWORKS_FOLDER_PATH}/SwiftyJSON.framework",
			);
			runOnlyForDeploymentPostprocessing = 0;
			shellPath = /bin/sh;
			shellScript = "\"${PODS_ROOT}/Target Support Files/Pods-BonsPetitsPlatsTests/Pods-BonsPetitsPlatsTests-frameworks.sh\"\n";
			showEnvVarsInLog = 0;
		};
		647FDA46CFC8D8BF2F46E512 /* [CP] Check Pods Manifest.lock */ = {
			isa = PBXShellScriptBuildPhase;
			buildActionMask = 2147483647;
			files = (
			);
			inputFileListPaths = (
			);
			inputPaths = (
				"${PODS_PODFILE_DIR_PATH}/Podfile.lock",
				"${PODS_ROOT}/Manifest.lock",
			);
			name = "[CP] Check Pods Manifest.lock";
			outputFileListPaths = (
			);
			outputPaths = (
				"$(DERIVED_FILE_DIR)/Pods-BonsPetitsPlatsTests-checkManifestLockResult.txt",
			);
			runOnlyForDeploymentPostprocessing = 0;
			shellPath = /bin/sh;
			shellScript = "diff \"${PODS_PODFILE_DIR_PATH}/Podfile.lock\" \"${PODS_ROOT}/Manifest.lock\" > /dev/null\nif [ $? != 0 ] ; then\n    # print error to STDERR\n    echo \"error: The sandbox is not in sync with the Podfile.lock. Run 'pod install' or update your CocoaPods installation.\" >&2\n    exit 1\nfi\n# This output is used by Xcode 'outputs' to avoid re-running this script phase.\necho \"SUCCESS\" > \"${SCRIPT_OUTPUT_FILE_0}\"\n";
			showEnvVarsInLog = 0;
		};
		CF9C61258304FC22E3E654E1 /* [CP] Check Pods Manifest.lock */ = {
			isa = PBXShellScriptBuildPhase;
			buildActionMask = 2147483647;
			files = (
			);
			inputFileListPaths = (
			);
			inputPaths = (
				"${PODS_PODFILE_DIR_PATH}/Podfile.lock",
				"${PODS_ROOT}/Manifest.lock",
			);
			name = "[CP] Check Pods Manifest.lock";
			outputFileListPaths = (
			);
			outputPaths = (
				"$(DERIVED_FILE_DIR)/Pods-BonsPetitsPlats-checkManifestLockResult.txt",
			);
			runOnlyForDeploymentPostprocessing = 0;
			shellPath = /bin/sh;
			shellScript = "diff \"${PODS_PODFILE_DIR_PATH}/Podfile.lock\" \"${PODS_ROOT}/Manifest.lock\" > /dev/null\nif [ $? != 0 ] ; then\n    # print error to STDERR\n    echo \"error: The sandbox is not in sync with the Podfile.lock. Run 'pod install' or update your CocoaPods installation.\" >&2\n    exit 1\nfi\n# This output is used by Xcode 'outputs' to avoid re-running this script phase.\necho \"SUCCESS\" > \"${SCRIPT_OUTPUT_FILE_0}\"\n";
			showEnvVarsInLog = 0;
		};
/* End PBXShellScriptBuildPhase section */

/* Begin PBXSourcesBuildPhase section */
		A02092DA223695ED005B7922 /* Sources */ = {
			isa = PBXSourcesBuildPhase;
			buildActionMask = 2147483647;
			files = (
				A0D62359228241EC008F2A27 /* RecipeP.swift in Sources */,
				A0E86E112280B5AF00851BFC /* CoreDataManage.swift in Sources */,
				A0F81652224A7C8E005EE822 /* yummlyService.swift in Sources */,
				A0A8BF342247901500496D34 /* ListTableViewCell.swift in Sources */,
				A0E86E0F2280736900851BFC /* CoreDataStack.swift in Sources */,
				A02092E2223695ED005B7922 /* AppDelegate.swift in Sources */,
				A0D7C185224924DB0080F144 /* FavorisTableViewCell.swift in Sources */,
				A0E28DC4224BE2A5000DC02F /* ListViewController.swift in Sources */,
				A0A8BF362247E47500496D34 /* Ingredient.swift in Sources */,
				A0BD4F5422635BF900F8FBB4 /* Converting.swift in Sources */,
				A0091D6B225CD3B2003A683B /* RecipePlease.xcdatamodeld in Sources */,
				A0B59754227E416D00E14BAE /* ExtensionUIViewController.swift in Sources */,
				A02093132236C67E005B7922 /* FavoriteViewController.swift in Sources */,
				A02093182236CA3C005B7922 /* SearchResultViewController.swift in Sources */,
				A0A3A0C5225F9A02005ECD9C /* Recipe.swift in Sources */,
				A02093112236C65A005B7922 /* RecipleaseViewController.swift in Sources */,
				A0708FD4223AC1770036E0A5 /* List.swift in Sources */,
				A0B59751227E405300E14BAE /* Alert.swift in Sources */,
				A0E9CFFE224D152F00A5C504 /* RecipesListTableViewCell.swift in Sources */,
				A0E86E132280B9E000851BFC /* RecipeManage.swift in Sources */,
			);
			runOnlyForDeploymentPostprocessing = 0;
		};
		A02092EE223695F3005B7922 /* Sources */ = {
			isa = PBXSourcesBuildPhase;
			buildActionMask = 2147483647;
			files = (
				A08A20D222833CEF005693B8 /* CoreDataStackTest.swift in Sources */,
				A0307ADA227A2CA000695028 /* ListTestCase.swift in Sources */,
				A02092F7223695F3005B7922 /* YummlyServiceTestCase.swift in Sources */,
				A0307AD8227A13AF00695028 /* ConvertTestCase.swift in Sources */,
				A08A20D622835E26005693B8 /* ManageTestCase.swift in Sources */,
				A08A20D422834B8A005693B8 /* RecipeSample.swift in Sources */,
			);
			runOnlyForDeploymentPostprocessing = 0;
		};
/* End PBXSourcesBuildPhase section */

/* Begin PBXTargetDependency section */
		A02092F4223695F3005B7922 /* PBXTargetDependency */ = {
			isa = PBXTargetDependency;
			target = A02092DD223695ED005B7922 /* BonsPetitsPlats */;
			targetProxy = A02092F3223695F3005B7922 /* PBXContainerItemProxy */;
		};
/* End PBXTargetDependency section */

/* Begin PBXVariantGroup section */
		A02092E5223695ED005B7922 /* Main.storyboard */ = {
			isa = PBXVariantGroup;
			children = (
				A02092E6223695ED005B7922 /* Base */,
			);
			name = Main.storyboard;
			sourceTree = "<group>";
		};
		A02092EA223695F3005B7922 /* LaunchScreen.storyboard */ = {
			isa = PBXVariantGroup;
			children = (
				A02092EB223695F3005B7922 /* Base */,
			);
			name = LaunchScreen.storyboard;
			sourceTree = "<group>";
		};
/* End PBXVariantGroup section */

/* Begin XCBuildConfiguration section */
		A02092F9223695F3005B7922 /* Debug */ = {
			isa = XCBuildConfiguration;
			buildSettings = {
				ALWAYS_SEARCH_USER_PATHS = NO;
				CLANG_ANALYZER_NONNULL = YES;
				CLANG_ANALYZER_NUMBER_OBJECT_CONVERSION = YES_AGGRESSIVE;
				CLANG_CXX_LANGUAGE_STANDARD = "gnu++14";
				CLANG_CXX_LIBRARY = "libc++";
				CLANG_ENABLE_MODULES = YES;
				CLANG_ENABLE_OBJC_ARC = YES;
				CLANG_ENABLE_OBJC_WEAK = YES;
				CLANG_WARN_BLOCK_CAPTURE_AUTORELEASING = YES;
				CLANG_WARN_BOOL_CONVERSION = YES;
				CLANG_WARN_COMMA = YES;
				CLANG_WARN_CONSTANT_CONVERSION = YES;
				CLANG_WARN_DEPRECATED_OBJC_IMPLEMENTATIONS = YES;
				CLANG_WARN_DIRECT_OBJC_ISA_USAGE = YES_ERROR;
				CLANG_WARN_DOCUMENTATION_COMMENTS = YES;
				CLANG_WARN_EMPTY_BODY = YES;
				CLANG_WARN_ENUM_CONVERSION = YES;
				CLANG_WARN_INFINITE_RECURSION = YES;
				CLANG_WARN_INT_CONVERSION = YES;
				CLANG_WARN_NON_LITERAL_NULL_CONVERSION = YES;
				CLANG_WARN_OBJC_IMPLICIT_RETAIN_SELF = YES;
				CLANG_WARN_OBJC_LITERAL_CONVERSION = YES;
				CLANG_WARN_OBJC_ROOT_CLASS = YES_ERROR;
				CLANG_WARN_RANGE_LOOP_ANALYSIS = YES;
				CLANG_WARN_STRICT_PROTOTYPES = YES;
				CLANG_WARN_SUSPICIOUS_MOVE = YES;
				CLANG_WARN_UNGUARDED_AVAILABILITY = YES_AGGRESSIVE;
				CLANG_WARN_UNREACHABLE_CODE = YES;
				CLANG_WARN__DUPLICATE_METHOD_MATCH = YES;
				CODE_SIGN_IDENTITY = "iPhone Developer";
				COPY_PHASE_STRIP = NO;
				DEBUG_INFORMATION_FORMAT = dwarf;
				ENABLE_STRICT_OBJC_MSGSEND = YES;
				ENABLE_TESTABILITY = YES;
				GCC_C_LANGUAGE_STANDARD = gnu11;
				GCC_DYNAMIC_NO_PIC = NO;
				GCC_NO_COMMON_BLOCKS = YES;
				GCC_OPTIMIZATION_LEVEL = 0;
				GCC_PREPROCESSOR_DEFINITIONS = (
					"DEBUG=1",
					"$(inherited)",
				);
				GCC_WARN_64_TO_32_BIT_CONVERSION = YES;
				GCC_WARN_ABOUT_RETURN_TYPE = YES_ERROR;
				GCC_WARN_UNDECLARED_SELECTOR = YES;
				GCC_WARN_UNINITIALIZED_AUTOS = YES_AGGRESSIVE;
				GCC_WARN_UNUSED_FUNCTION = YES;
				GCC_WARN_UNUSED_VARIABLE = YES;
				IPHONEOS_DEPLOYMENT_TARGET = 12.1;
				MTL_ENABLE_DEBUG_INFO = INCLUDE_SOURCE;
				MTL_FAST_MATH = YES;
				ONLY_ACTIVE_ARCH = YES;
				SDKROOT = iphoneos;
				SWIFT_ACTIVE_COMPILATION_CONDITIONS = DEBUG;
				SWIFT_OPTIMIZATION_LEVEL = "-Onone";
			};
			name = Debug;
		};
		A02092FA223695F3005B7922 /* Release */ = {
			isa = XCBuildConfiguration;
			buildSettings = {
				ALWAYS_SEARCH_USER_PATHS = NO;
				CLANG_ANALYZER_NONNULL = YES;
				CLANG_ANALYZER_NUMBER_OBJECT_CONVERSION = YES_AGGRESSIVE;
				CLANG_CXX_LANGUAGE_STANDARD = "gnu++14";
				CLANG_CXX_LIBRARY = "libc++";
				CLANG_ENABLE_MODULES = YES;
				CLANG_ENABLE_OBJC_ARC = YES;
				CLANG_ENABLE_OBJC_WEAK = YES;
				CLANG_WARN_BLOCK_CAPTURE_AUTORELEASING = YES;
				CLANG_WARN_BOOL_CONVERSION = YES;
				CLANG_WARN_COMMA = YES;
				CLANG_WARN_CONSTANT_CONVERSION = YES;
				CLANG_WARN_DEPRECATED_OBJC_IMPLEMENTATIONS = YES;
				CLANG_WARN_DIRECT_OBJC_ISA_USAGE = YES_ERROR;
				CLANG_WARN_DOCUMENTATION_COMMENTS = YES;
				CLANG_WARN_EMPTY_BODY = YES;
				CLANG_WARN_ENUM_CONVERSION = YES;
				CLANG_WARN_INFINITE_RECURSION = YES;
				CLANG_WARN_INT_CONVERSION = YES;
				CLANG_WARN_NON_LITERAL_NULL_CONVERSION = YES;
				CLANG_WARN_OBJC_IMPLICIT_RETAIN_SELF = YES;
				CLANG_WARN_OBJC_LITERAL_CONVERSION = YES;
				CLANG_WARN_OBJC_ROOT_CLASS = YES_ERROR;
				CLANG_WARN_RANGE_LOOP_ANALYSIS = YES;
				CLANG_WARN_STRICT_PROTOTYPES = YES;
				CLANG_WARN_SUSPICIOUS_MOVE = YES;
				CLANG_WARN_UNGUARDED_AVAILABILITY = YES_AGGRESSIVE;
				CLANG_WARN_UNREACHABLE_CODE = YES;
				CLANG_WARN__DUPLICATE_METHOD_MATCH = YES;
				CODE_SIGN_IDENTITY = "iPhone Developer";
				COPY_PHASE_STRIP = NO;
				DEBUG_INFORMATION_FORMAT = "dwarf-with-dsym";
				ENABLE_NS_ASSERTIONS = NO;
				ENABLE_STRICT_OBJC_MSGSEND = YES;
				GCC_C_LANGUAGE_STANDARD = gnu11;
				GCC_NO_COMMON_BLOCKS = YES;
				GCC_WARN_64_TO_32_BIT_CONVERSION = YES;
				GCC_WARN_ABOUT_RETURN_TYPE = YES_ERROR;
				GCC_WARN_UNDECLARED_SELECTOR = YES;
				GCC_WARN_UNINITIALIZED_AUTOS = YES_AGGRESSIVE;
				GCC_WARN_UNUSED_FUNCTION = YES;
				GCC_WARN_UNUSED_VARIABLE = YES;
				IPHONEOS_DEPLOYMENT_TARGET = 12.1;
				MTL_ENABLE_DEBUG_INFO = NO;
				MTL_FAST_MATH = YES;
				SDKROOT = iphoneos;
				SWIFT_COMPILATION_MODE = wholemodule;
				SWIFT_OPTIMIZATION_LEVEL = "-O";
				VALIDATE_PRODUCT = YES;
			};
			name = Release;
		};
		A02092FC223695F3005B7922 /* Debug */ = {
			isa = XCBuildConfiguration;
			baseConfigurationReference = BEB0644EBDBD55BF9D351C03 /* Pods-BonsPetitsPlats.debug.xcconfig */;
			buildSettings = {
				ASSETCATALOG_COMPILER_APPICON_NAME = AppIcon;
				CODE_SIGN_STYLE = Automatic;
				DEVELOPMENT_TEAM = N4VGXY9MV7;
				INFOPLIST_FILE = BonsPetitsPlats/Info.plist;
				LD_RUNPATH_SEARCH_PATHS = (
					"$(inherited)",
					"@executable_path/Frameworks",
				);
				PRODUCT_BUNDLE_IDENTIFIER = com.MarquesLucas.BonsPetitsPlats;
				PRODUCT_NAME = "$(TARGET_NAME)";
				SWIFT_VERSION = 5.0;
				TARGETED_DEVICE_FAMILY = "1,2";
			};
			name = Debug;
		};
		A02092FD223695F3005B7922 /* Release */ = {
			isa = XCBuildConfiguration;
			baseConfigurationReference = 6176351380011EE78BBFBCD8 /* Pods-BonsPetitsPlats.release.xcconfig */;
			buildSettings = {
				ASSETCATALOG_COMPILER_APPICON_NAME = AppIcon;
				CODE_SIGN_STYLE = Automatic;
				DEVELOPMENT_TEAM = N4VGXY9MV7;
				INFOPLIST_FILE = BonsPetitsPlats/Info.plist;
				LD_RUNPATH_SEARCH_PATHS = (
					"$(inherited)",
					"@executable_path/Frameworks",
				);
				PRODUCT_BUNDLE_IDENTIFIER = com.MarquesLucas.BonsPetitsPlats;
				PRODUCT_NAME = "$(TARGET_NAME)";
				SWIFT_VERSION = 5.0;
				TARGETED_DEVICE_FAMILY = "1,2";
			};
			name = Release;
		};
		A02092FF223695F3005B7922 /* Debug */ = {
			isa = XCBuildConfiguration;
			baseConfigurationReference = 2FFC95F6B32E666EC769AE6E /* Pods-BonsPetitsPlatsTests.debug.xcconfig */;
			buildSettings = {
				ALWAYS_EMBED_SWIFT_STANDARD_LIBRARIES = YES;
				BUNDLE_LOADER = "$(TEST_HOST)";
				CODE_SIGN_STYLE = Automatic;
				DEVELOPMENT_TEAM = N4VGXY9MV7;
				INFOPLIST_FILE = BonsPetitsPlatsTests/Info.plist;
				LD_RUNPATH_SEARCH_PATHS = (
					"$(inherited)",
					"@executable_path/Frameworks",
					"@loader_path/Frameworks",
				);
				PRODUCT_BUNDLE_IDENTIFIER = com.MarquesLucas.BonsPetitsPlatsTests;
				PRODUCT_NAME = "$(TARGET_NAME)";
				SWIFT_VERSION = 5.0;
				TARGETED_DEVICE_FAMILY = "1,2";
				TEST_HOST = "$(BUILT_PRODUCTS_DIR)/BonsPetitsPlats.app/BonsPetitsPlats";
			};
			name = Debug;
		};
		A0209300223695F3005B7922 /* Release */ = {
			isa = XCBuildConfiguration;
			baseConfigurationReference = 2455A92FAF36212D5A6540EE /* Pods-BonsPetitsPlatsTests.release.xcconfig */;
			buildSettings = {
				ALWAYS_EMBED_SWIFT_STANDARD_LIBRARIES = YES;
				BUNDLE_LOADER = "$(TEST_HOST)";
				CODE_SIGN_STYLE = Automatic;
				DEVELOPMENT_TEAM = N4VGXY9MV7;
				INFOPLIST_FILE = BonsPetitsPlatsTests/Info.plist;
				LD_RUNPATH_SEARCH_PATHS = (
					"$(inherited)",
					"@executable_path/Frameworks",
					"@loader_path/Frameworks",
				);
				PRODUCT_BUNDLE_IDENTIFIER = com.MarquesLucas.BonsPetitsPlatsTests;
				PRODUCT_NAME = "$(TARGET_NAME)";
				SWIFT_VERSION = 5.0;
				TARGETED_DEVICE_FAMILY = "1,2";
				TEST_HOST = "$(BUILT_PRODUCTS_DIR)/BonsPetitsPlats.app/BonsPetitsPlats";
			};
			name = Release;
		};
/* End XCBuildConfiguration section */

/* Begin XCConfigurationList section */
		A02092D9223695ED005B7922 /* Build configuration list for PBXProject "BonsPetitsPlats" */ = {
			isa = XCConfigurationList;
			buildConfigurations = (
				A02092F9223695F3005B7922 /* Debug */,
				A02092FA223695F3005B7922 /* Release */,
			);
			defaultConfigurationIsVisible = 0;
			defaultConfigurationName = Release;
		};
		A02092FB223695F3005B7922 /* Build configuration list for PBXNativeTarget "BonsPetitsPlats" */ = {
			isa = XCConfigurationList;
			buildConfigurations = (
				A02092FC223695F3005B7922 /* Debug */,
				A02092FD223695F3005B7922 /* Release */,
			);
			defaultConfigurationIsVisible = 0;
			defaultConfigurationName = Release;
		};
		A02092FE223695F3005B7922 /* Build configuration list for PBXNativeTarget "BonsPetitsPlatsTests" */ = {
			isa = XCConfigurationList;
			buildConfigurations = (
				A02092FF223695F3005B7922 /* Debug */,
				A0209300223695F3005B7922 /* Release */,
			);
			defaultConfigurationIsVisible = 0;
			defaultConfigurationName = Release;
		};
/* End XCConfigurationList section */

/* Begin XCVersionGroup section */
		A0091D69225CD3B2003A683B /* RecipePlease.xcdatamodeld */ = {
			isa = XCVersionGroup;
			children = (
				A0091D6A225CD3B2003A683B /* RecipePlease.xcdatamodel */,
			);
			currentVersion = A0091D6A225CD3B2003A683B /* RecipePlease.xcdatamodel */;
			path = RecipePlease.xcdatamodeld;
			sourceTree = "<group>";
			versionGroupType = wrapper.xcdatamodel;
		};
/* End XCVersionGroup section */
	};
	rootObject = A02092D6223695ED005B7922 /* Project object */;
}
